
Microsoft Visual Studio Solution File, Format Version 12.00
# Visual Studio Version 17
VisualStudioVersion = 17.14.36301.6 d17.14
MinimumVisualStudioVersion = 10.0.40219.1
Project("{FAE04EC0-301F-11D3-BF4B-00C04F79EFBC}") = "Topic4", "Topic4\Topic4.csproj", "{D917634F-73DA-4139-BC79-457257009AE7}"
EndProject
Global
	GlobalSection(SolutionConfigurationPlatforms) = preSolution
		Debug|Any CPU = Debug|Any CPU
		Release|Any CPU = Release|Any CPU
	EndGlobalSection
	GlobalSection(ProjectConfigurationPlatforms) = postSolution
		{D917634F-73DA-4139-BC79-457257009AE7}.Debug|Any CPU.ActiveCfg = Debug|Any CPU
		{D917634F-73DA-4139-BC79-457257009AE7}.Debug|Any CPU.Build.0 = Debug|Any CPU
		{D917634F-73DA-4139-BC79-457257009AE7}.Release|Any CPU.ActiveCfg = Release|Any CPU
		{D917634F-73DA-4139-BC79-457257009AE7}.Release|Any CPU.Build.0 = Release|Any CPU
	EndGlobalSection
	GlobalSection(SolutionProperties) = preSolution
		HideSolutionNode = FALSE
	EndGlobalSection
	GlobalSection(ExtensibilityGlobals) = postSolution
		SolutionGuid = {4783E013-A48D-491F-8E32-325AE98498E7}
	EndGlobalSection
EndGlobal
